
Microsoft Visual Studio Solution File, Format Version 12.00
# Visual Studio Version 16
VisualStudioVersion = 16.0.31702.278
MinimumVisualStudioVersion = 10.0.40219.1
Project("{9A19103F-16F7-4668-BE54-9A1E7A4F7556}") = "Fastql", "Fastql.csproj", "{A0B99C26-1346-46CC-9168-99B19DBCC2EA}"
EndProject
Global
	GlobalSection(SolutionConfigurationPlatforms) = preSolution
		Debug|Any CPU = Debug|Any CPU
		Release|Any CPU = Release|Any CPU
	EndGlobalSection
	GlobalSection(ProjectConfigurationPlatforms) = postSolution
		{A0B99C26-1346-46CC-9168-99B19DBCC2EA}.Debug|Any CPU.ActiveCfg = Debug|Any CPU
		{A0B99C26-1346-46CC-9168-99B19DBCC2EA}.Debug|Any CPU.Build.0 = Debug|Any CPU
		{A0B99C26-1346-46CC-9168-99B19DBCC2EA}.Release|Any CPU.ActiveCfg = Release|Any CPU
		{A0B99C26-1346-46CC-9168-99B19DBCC2EA}.Release|Any CPU.Build.0 = Release|Any CPU
	EndGlobalSection
	GlobalSection(SolutionProperties) = preSolution
		HideSolutionNode = FALSE
	EndGlobalSection
	GlobalSection(ExtensibilityGlobals) = postSolution
		SolutionGuid = {08F6B153-FD82-4E44-ABE3-C97315E85099}
	EndGlobalSection
EndGlobal
